{
  "name": "pc98",
  "version": "1.0.0",
  "lockfileVersion": 1,
  "requires": true,
  "dependencies": {
    "twitter-api-v2": {
      "version": "1.14.2",
      "resolved": "https://registry.npmjs.org/twitter-api-v2/-/twitter-api-v2-1.14.2.tgz",
      "integrity": "sha512-389e/rWaN8zWkmD5z2IpKVb5+ojPxVtrexQoGBI1Xfib1mE/9M7k7zbnZ3Q/WLwthwcWkQIlB25ecT64AL8LvQ=="
    }
  }
}
